dependencies:
- name: prometheus
  repository: https://prometheus-community.github.io/helm-charts
  version: 15.0.0
- name: grafana
  repository: https://grafana.github.io/helm-charts
  version: 6.50.0
- name: ingress-nginx
  repository: https://kubernetes.github.io/ingress-nginx
  version: 4.12.0
- name: kong
  repository: https://charts.konghq.com
  version: 2.45.0
digest: sha256:97d966c55d022778002e270fbba30f502a7e88ccc37c549e4d4d9794891630e9
generated: "2025-01-22T19:37:37.0772424+06:00"
