dependencies:
- name: prometheus
  repository: https://prometheus-community.github.io/helm-charts
  version: 15.0.0
- name: grafana
  repository: https://grafana.github.io/helm-charts
  version: 6.50.0
digest: sha256:2e28027f9d2f015643ec7095abc7a4a1daa6afd47b03ece0fc36d12956ce8afc
generated: "2025-01-20T14:50:54.9161823+06:00"
